
Microsoft Visual Studio Solution File, Format Version 12.00
# Visual Studio 15
VisualStudioVersion = 15.0.27004.2002
MinimumVisualStudioVersion = 10.0.40219.1
Project("{8BC9CEB8-8B4A-11D0-8D11-00A0C91BC942}") = "Lexer", "Lexer\Lexer.vcxproj", "{CBB1D85B-050A-42C1-A3FC-EDC7D1AD33F8}"
EndProject
Global
	GlobalSection(SolutionConfigurationPlatforms) = preSolution
		Debug|x64 = Debug|x64
		Debug|x86 = Debug|x86
		Release|x64 = Release|x64
		Release|x86 = Release|x86
	EndGlobalSection
	GlobalSection(ProjectConfigurationPlatforms) = postSolution
		{CBB1D85B-050A-42C1-A3FC-EDC7D1AD33F8}.Debug|x64.ActiveCfg = Debug|x64
		{CBB1D85B-050A-42C1-A3FC-EDC7D1AD33F8}.Debug|x64.Build.0 = Debug|x64
		{CBB1D85B-050A-42C1-A3FC-EDC7D1AD33F8}.Debug|x86.ActiveCfg = Debug|Win32
		{CBB1D85B-050A-42C1-A3FC-EDC7D1AD33F8}.Debug|x86.Build.0 = Debug|Win32
		{CBB1D85B-050A-42C1-A3FC-EDC7D1AD33F8}.Release|x64.ActiveCfg = Release|x64
		{CBB1D85B-050A-42C1-A3FC-EDC7D1AD33F8}.Release|x64.Build.0 = Release|x64
		{CBB1D85B-050A-42C1-A3FC-EDC7D1AD33F8}.Release|x86.ActiveCfg = Release|Win32
		{CBB1D85B-050A-42C1-A3FC-EDC7D1AD33F8}.Release|x86.Build.0 = Release|Win32
	EndGlobalSection
	GlobalSection(SolutionProperties) = preSolution
		HideSolutionNode = FALSE
	EndGlobalSection
	GlobalSection(ExtensibilityGlobals) = postSolution
		SolutionGuid = {442DF6D9-739C-434B-B1FC-134D273FB569}
	EndGlobalSection
EndGlobal
